Microsoft Visual Studio Solution File, Format Version 12.00
# Visual Studio Version 17
VisualStudioVersion = 17.5.2.0
MinimumVisualStudioVersion = 10.0.40219.1
Project("{2150E333-8FDC-42A3-9474-1A3956D46DE8}") = "monorepo", "monorepo", "{2BB53280-A9FD-F075-FA43-9D60B9483BB1}"
EndProject
Project("{2150E333-8FDC-42A3-9474-1A3956D46DE8}") = "windows-src", "windows-src", "{60042C3D-9536-3F09-EAB0-67BF3D235D28}"
EndProject
Project("{FAE04EC0-301F-11D3-BF4B-00C04F79EFBC}") = "Flipqlo", "windows-src\Flipqlo\Flipqlo.csproj", "{D2C91DC5-12EF-FEBD-DD29-020BEE3CFDE9}"
EndProject
Global
	GlobalSection(SolutionConfigurationPlatforms) = preSolution
		Debug|Any CPU = Debug|Any CPU
		Release|Any CPU = Release|Any CPU
	EndGlobalSection
	GlobalSection(ProjectConfigurationPlatforms) = postSolution
		{D2C91DC5-12EF-FEBD-DD29-020BEE3CFDE9}.Debug|Any CPU.ActiveCfg = Debug|Any CPU
		{D2C91DC5-12EF-FEBD-DD29-020BEE3CFDE9}.Debug|Any CPU.Build.0 = Debug|Any CPU
		{D2C91DC5-12EF-FEBD-DD29-020BEE3CFDE9}.Release|Any CPU.ActiveCfg = Release|Any CPU
		{D2C91DC5-12EF-FEBD-DD29-020BEE3CFDE9}.Release|Any CPU.Build.0 = Release|Any CPU
	EndGlobalSection
	GlobalSection(SolutionProperties) = preSolution
		HideSolutionNode = FALSE
	EndGlobalSection
	GlobalSection(NestedProjects) = preSolution
		{60042C3D-9536-3F09-EAB0-67BF3D235D28} = {2BB53280-A9FD-F075-FA43-9D60B9483BB1}
		{D2C91DC5-12EF-FEBD-DD29-020BEE3CFDE9} = {60042C3D-9536-3F09-EAB0-67BF3D235D28}
	EndGlobalSection
	GlobalSection(ExtensibilityGlobals) = postSolution
		SolutionGuid = {696BD7B3-0B71-4432-A6BF-815717A73F58}
	EndGlobalSection
EndGlobal
